
Microsoft Visual Studio Solution File, Format Version 12.00
# Visual Studio Express 2013 for Windows Desktop
VisualStudioVersion = 12.0.21005.1
MinimumVisualStudioVersion = 10.0.40219.1
Project("{8BC9CEB8-8B4A-11D0-8D11-00A0C91BC942}") = "base", "source\base.vcxproj", "{BF6983FF-CBC7-43D6-9579-0D0ED8F61B35}"
EndProject
Project("{8BC9CEB8-8B4A-11D0-8D11-00A0C91BC942}") = "memory", "source\memory.vcxproj", "{9C7896F8-5BC2-4E8B-870D-22AF924122A2}"
EndProject
Project("{8BC9CEB8-8B4A-11D0-8D11-00A0C91BC942}") = "stream", "source\stream.vcxproj", "{34248289-580C-46DB-99E8-00572C7E8329}"
EndProject
Project("{8BC9CEB8-8B4A-11D0-8D11-00A0C91BC942}") = "structs", "source\structs.vcxproj", "{FE587ED3-8D0D-4FF8-81B9-7AE8A293E293}"
EndProject
Project("{8BC9CEB8-8B4A-11D0-8D11-00A0C91BC942}") = "threads", "source\threads.vcxproj", "{BB957477-BBB8-4D26-A168-6664F4D63E07}"
EndProject
Project("{8BC9CEB8-8B4A-11D0-8D11-00A0C91BC942}") = "tl4", "source\tl4.vcxproj", "{4A58FF43-DD1C-4B11-A3F9-46892DBE93C9}"
EndProject
Project("{8BC9CEB8-8B4A-11D0-8D11-00A0C91BC942}") = "units", "source\units.vcxproj", "{EA5DF217-0CA2-452A-BE7B-2A851AEB339B}"
EndProject
Project("{8BC9CEB8-8B4A-11D0-8D11-00A0C91BC942}") = "AX", "AX.vcxproj", "{792C27E3-863B-434C-A47A-F5F0515BFB20}"
EndProject
Global
	GlobalSection(SolutionConfigurationPlatforms) = preSolution
		Debug|Win32 = Debug|Win32
		Production|Win32 = Production|Win32
		Release|Win32 = Release|Win32
	EndGlobalSection
	GlobalSection(ProjectConfigurationPlatforms) = postSolution
		{BF6983FF-CBC7-43D6-9579-0D0ED8F61B35}.Debug|Win32.ActiveCfg = Debug|Win32
		{BF6983FF-CBC7-43D6-9579-0D0ED8F61B35}.Debug|Win32.Build.0 = Debug|Win32
		{BF6983FF-CBC7-43D6-9579-0D0ED8F61B35}.Production|Win32.ActiveCfg = Production|Win32
		{BF6983FF-CBC7-43D6-9579-0D0ED8F61B35}.Production|Win32.Build.0 = Production|Win32
		{BF6983FF-CBC7-43D6-9579-0D0ED8F61B35}.Release|Win32.ActiveCfg = Release|Win32
		{BF6983FF-CBC7-43D6-9579-0D0ED8F61B35}.Release|Win32.Build.0 = Release|Win32
		{9C7896F8-5BC2-4E8B-870D-22AF924122A2}.Debug|Win32.ActiveCfg = Debug|Win32
		{9C7896F8-5BC2-4E8B-870D-22AF924122A2}.Debug|Win32.Build.0 = Debug|Win32
		{9C7896F8-5BC2-4E8B-870D-22AF924122A2}.Production|Win32.ActiveCfg = Production|Win32
		{9C7896F8-5BC2-4E8B-870D-22AF924122A2}.Production|Win32.Build.0 = Production|Win32
		{9C7896F8-5BC2-4E8B-870D-22AF924122A2}.Release|Win32.ActiveCfg = Release|Win32
		{9C7896F8-5BC2-4E8B-870D-22AF924122A2}.Release|Win32.Build.0 = Release|Win32
		{34248289-580C-46DB-99E8-00572C7E8329}.Debug|Win32.ActiveCfg = Debug|Win32
		{34248289-580C-46DB-99E8-00572C7E8329}.Debug|Win32.Build.0 = Debug|Win32
		{34248289-580C-46DB-99E8-00572C7E8329}.Production|Win32.ActiveCfg = Production|Win32
		{34248289-580C-46DB-99E8-00572C7E8329}.Production|Win32.Build.0 = Production|Win32
		{34248289-580C-46DB-99E8-00572C7E8329}.Release|Win32.ActiveCfg = Release|Win32
		{34248289-580C-46DB-99E8-00572C7E8329}.Release|Win32.Build.0 = Release|Win32
		{FE587ED3-8D0D-4FF8-81B9-7AE8A293E293}.Debug|Win32.ActiveCfg = Debug|Win32
		{FE587ED3-8D0D-4FF8-81B9-7AE8A293E293}.Debug|Win32.Build.0 = Debug|Win32
		{FE587ED3-8D0D-4FF8-81B9-7AE8A293E293}.Production|Win32.ActiveCfg = Production|Win32
		{FE587ED3-8D0D-4FF8-81B9-7AE8A293E293}.Production|Win32.Build.0 = Production|Win32
		{FE587ED3-8D0D-4FF8-81B9-7AE8A293E293}.Release|Win32.ActiveCfg = Release|Win32
		{FE587ED3-8D0D-4FF8-81B9-7AE8A293E293}.Release|Win32.Build.0 = Release|Win32
		{BB957477-BBB8-4D26-A168-6664F4D63E07}.Debug|Win32.ActiveCfg = Debug|Win32
		{BB957477-BBB8-4D26-A168-6664F4D63E07}.Debug|Win32.Build.0 = Debug|Win32
		{BB957477-BBB8-4D26-A168-6664F4D63E07}.Production|Win32.ActiveCfg = Production|Win32
		{BB957477-BBB8-4D26-A168-6664F4D63E07}.Production|Win32.Build.0 = Production|Win32
		{BB957477-BBB8-4D26-A168-6664F4D63E07}.Release|Win32.ActiveCfg = Release|Win32
		{BB957477-BBB8-4D26-A168-6664F4D63E07}.Release|Win32.Build.0 = Release|Win32
		{4A58FF43-DD1C-4B11-A3F9-46892DBE93C9}.Debug|Win32.ActiveCfg = Debug|Win32
		{4A58FF43-DD1C-4B11-A3F9-46892DBE93C9}.Debug|Win32.Build.0 = Debug|Win32
		{4A58FF43-DD1C-4B11-A3F9-46892DBE93C9}.Production|Win32.ActiveCfg = Production|Win32
		{4A58FF43-DD1C-4B11-A3F9-46892DBE93C9}.Production|Win32.Build.0 = Production|Win32
		{4A58FF43-DD1C-4B11-A3F9-46892DBE93C9}.Release|Win32.ActiveCfg = Release|Win32
		{4A58FF43-DD1C-4B11-A3F9-46892DBE93C9}.Release|Win32.Build.0 = Release|Win32
		{EA5DF217-0CA2-452A-BE7B-2A851AEB339B}.Debug|Win32.ActiveCfg = Debug|Win32
		{EA5DF217-0CA2-452A-BE7B-2A851AEB339B}.Debug|Win32.Build.0 = Debug|Win32
		{EA5DF217-0CA2-452A-BE7B-2A851AEB339B}.Production|Win32.ActiveCfg = Production|Win32
		{EA5DF217-0CA2-452A-BE7B-2A851AEB339B}.Production|Win32.Build.0 = Production|Win32
		{EA5DF217-0CA2-452A-BE7B-2A851AEB339B}.Release|Win32.ActiveCfg = Release|Win32
		{EA5DF217-0CA2-452A-BE7B-2A851AEB339B}.Release|Win32.Build.0 = Release|Win32
		{792C27E3-863B-434C-A47A-F5F0515BFB20}.Debug|Win32.ActiveCfg = Debug|Win32
		{792C27E3-863B-434C-A47A-F5F0515BFB20}.Debug|Win32.Build.0 = Debug|Win32
		{792C27E3-863B-434C-A47A-F5F0515BFB20}.Production|Win32.ActiveCfg = Production|Win32
		{792C27E3-863B-434C-A47A-F5F0515BFB20}.Production|Win32.Build.0 = Production|Win32
		{792C27E3-863B-434C-A47A-F5F0515BFB20}.Release|Win32.ActiveCfg = Release|Win32
		{792C27E3-863B-434C-A47A-F5F0515BFB20}.Release|Win32.Build.0 = Release|Win32
	EndGlobalSection
	GlobalSection(SolutionProperties) = preSolution
		HideSolutionNode = FALSE
	EndGlobalSection
EndGlobal
